
Microsoft Visual Studio Solution File, Format Version 12.00
# Visual Studio Version 16
VisualStudioVersion = 16.0.31205.52
MinimumVisualStudioVersion = 10.0.40219.1
Project("{FAE04EC0-301F-11D3-BF4B-00C04F79EFBC}") = "ApartmentTracker.Web", "ApartmentTracker.Web\ApartmentTracker.Web.csproj", "{12345678-1234-1234-1234-123456789012}"
EndProject
Project("{FAE04EC0-301F-11D3-BF4B-00C04F79EFBC}") = "ApartmentTracker.API", "ApartmentTracker.API\ApartmentTracker.API.csproj", "{23456789-2345-2345-2345-234567890123}"
EndProject
Project("{FAE04EC0-301F-11D3-BF4B-00C04F79EFBC}") = "ApartmentTracker.Data", "ApartmentTracker.Data\ApartmentTracker.Data.csproj", "{34567890-3456-3456-3456-345678901234}"
EndProject
Project("{FAE04EC0-301F-11D3-BF4B-00C04F79EFBC}") = "ApartmentTracker.Business", "ApartmentTracker.Business\ApartmentTracker.Business.csproj", "{45678901-4567-4567-4567-456789012345}"
EndProject
Project("{2150E333-8FDC-42A3-9474-1A3956D46DE8}") = "Database", "Database", "{56789012-5678-5678-5678-567890123456}"
	ProjectSection(SolutionItems) = preProject
		Database\Schema\001_Initial_Schema.sql = Database\Schema\001_Initial_Schema.sql
		Database\Seeds\002_Seed_Data.sql = Database\Seeds\002_Seed_Data.sql
	EndProjectSection
EndProject
Global
	GlobalSection(SolutionConfigurationPlatforms) = preSolution
		Debug|Any CPU = Debug|Any CPU
		Release|Any CPU = Release|Any CPU
	EndGlobalSection
	GlobalSection(ProjectConfigurationPlatforms) = postSolution
		{12345678-1234-1234-1234-123456789012}.Debug|Any CPU.ActiveCfg = Debug|Any CPU
		{12345678-1234-1234-1234-123456789012}.Debug|Any CPU.Build.0 = Debug|Any CPU
		{12345678-1234-1234-1234-123456789012}.Release|Any CPU.ActiveCfg = Release|Any CPU
		{12345678-1234-1234-1234-123456789012}.Release|Any CPU.Build.0 = Release|Any CPU
		{23456789-2345-2345-2345-234567890123}.Debug|Any CPU.ActiveCfg = Debug|Any CPU
		{23456789-2345-2345-2345-234567890123}.Debug|Any CPU.Build.0 = Debug|Any CPU
		{23456789-2345-2345-2345-234567890123}.Release|Any CPU.ActiveCfg = Release|Any CPU
		{23456789-2345-2345-2345-234567890123}.Release|Any CPU.Build.0 = Release|Any CPU
		{34567890-3456-3456-3456-345678901234}.Debug|Any CPU.ActiveCfg = Debug|Any CPU
		{34567890-3456-3456-3456-345678901234}.Debug|Any CPU.Build.0 = Debug|Any CPU
		{34567890-3456-3456-3456-345678901234}.Release|Any CPU.ActiveCfg = Release|Any CPU
		{34567890-3456-3456-3456-345678901234}.Release|Any CPU.Build.0 = Release|Any CPU
		{45678901-4567-4567-4567-456789012345}.Debug|Any CPU.ActiveCfg = Debug|Any CPU
		{45678901-4567-4567-4567-456789012345}.Debug|Any CPU.Build.0 = Debug|Any CPU
		{45678901-4567-4567-4567-456789012345}.Release|Any CPU.ActiveCfg = Release|Any CPU
		{45678901-4567-4567-4567-456789012345}.Release|Any CPU.Build.0 = Release|Any CPU
	EndGlobalSection
	GlobalSection(ExtensibilityGlobals) = postSolution
		SolutionGuid = {67890123-6789-6789-6789-678901234567}
	EndGlobalSection
EndGlobal